
Microsoft Visual Studio Solution File, Format Version 12.00
# Visual Studio Version 17
VisualStudioVersion = 17.4.33122.133
MinimumVisualStudioVersion = 10.0.40219.1
Project("{FAE04EC0-301F-11D3-BF4B-00C04F79EFBC}") = "PasswordGeneratorSimple", "PasswordGeneratorSimple\PasswordGeneratorSimple.csproj", "{2FDE336A-F3D5-4A9F-B3A1-391286823329}"
EndProject
Global
	GlobalSection(SolutionConfigurationPlatforms) = preSolution
		Debug|Any CPU = Debug|Any CPU
		Release|Any CPU = Release|Any CPU
	EndGlobalSection
	GlobalSection(ProjectConfigurationPlatforms) = postSolution
		{2FDE336A-F3D5-4A9F-B3A1-391286823329}.Debug|Any CPU.ActiveCfg = Debug|Any CPU
		{2FDE336A-F3D5-4A9F-B3A1-391286823329}.Debug|Any CPU.Build.0 = Debug|Any CPU
		{2FDE336A-F3D5-4A9F-B3A1-391286823329}.Release|Any CPU.ActiveCfg = Release|Any CPU
		{2FDE336A-F3D5-4A9F-B3A1-391286823329}.Release|Any CPU.Build.0 = Release|Any CPU
	EndGlobalSection
	GlobalSection(SolutionProperties) = preSolution
		HideSolutionNode = FALSE
	EndGlobalSection
	GlobalSection(ExtensibilityGlobals) = postSolution
		SolutionGuid = {4E7793F3-D41F-49E4-9901-E9B1505EAF97}
	EndGlobalSection
EndGlobal
